
Microsoft Visual Studio Solution File, Format Version 12.00
# Visual Studio Version 17
VisualStudioVersion = 17.14.36310.24 d17.14
MinimumVisualStudioVersion = 10.0.40219.1
Project("{FAE04EC0-301F-11D3-BF4B-00C04F79EFBC}") = "Watch Menu", "Watch Menu\Watch Menu.csproj", "{1069153B-F439-415C-84E0-105EDD37E564}"
EndProject
Global
	GlobalSection(SolutionConfigurationPlatforms) = preSolution
		Debug|Any CPU = Debug|Any CPU
		Release|Any CPU = Release|Any CPU
	EndGlobalSection
	GlobalSection(ProjectConfigurationPlatforms) = postSolution
		{1069153B-F439-415C-84E0-105EDD37E564}.Debug|Any CPU.ActiveCfg = Debug|Any CPU
		{1069153B-F439-415C-84E0-105EDD37E564}.Debug|Any CPU.Build.0 = Debug|Any CPU
		{1069153B-F439-415C-84E0-105EDD37E564}.Release|Any CPU.ActiveCfg = Release|Any CPU
		{1069153B-F439-415C-84E0-105EDD37E564}.Release|Any CPU.Build.0 = Release|Any CPU
	EndGlobalSection
	GlobalSection(SolutionProperties) = preSolution
		HideSolutionNode = FALSE
	EndGlobalSection
	GlobalSection(ExtensibilityGlobals) = postSolution
		SolutionGuid = {73FFA4B1-AC24-4B31-B49C-D7520E49673C}
	EndGlobalSection
EndGlobal
